
Microsoft Visual Studio Solution File, Format Version 12.00
# Visual Studio Version 17
VisualStudioVersion = 17.3.32922.545
MinimumVisualStudioVersion = 10.0.40219.1
Project("{FAE04EC0-301F-11D3-BF4B-00C04F79EFBC}") = "Lambdas", "Lambdas\Lambdas.csproj", "{A5E38530-E921-456A-BF6D-4A88E112E826}"
EndProject
Global
	GlobalSection(SolutionConfigurationPlatforms) = preSolution
		Debug|Any CPU = Debug|Any CPU
		Release|Any CPU = Release|Any CPU
	EndGlobalSection
	GlobalSection(ProjectConfigurationPlatforms) = postSolution
		{A5E38530-E921-456A-BF6D-4A88E112E826}.Debug|Any CPU.ActiveCfg = Debug|Any CPU
		{A5E38530-E921-456A-BF6D-4A88E112E826}.Debug|Any CPU.Build.0 = Debug|Any CPU
		{A5E38530-E921-456A-BF6D-4A88E112E826}.Release|Any CPU.ActiveCfg = Release|Any CPU
		{A5E38530-E921-456A-BF6D-4A88E112E826}.Release|Any CPU.Build.0 = Release|Any CPU
	EndGlobalSection
	GlobalSection(SolutionProperties) = preSolution
		HideSolutionNode = FALSE
	EndGlobalSection
	GlobalSection(ExtensibilityGlobals) = postSolution
		SolutionGuid = {1DAC1BE4-F0D9-4E0E-9689-00BD51F7F310}
	EndGlobalSection
EndGlobal
